
Microsoft Visual Studio Solution File, Format Version 12.00
# Visual Studio Version 17
VisualStudioVersion = 17.7.34031.279
MinimumVisualStudioVersion = 10.0.40219.1
Project("{FAE04EC0-301F-11D3-BF4B-00C04F79EFBC}") = "Buoi1_1", "Buoi1_1\Buoi1_1.csproj", "{10AD3C4F-13CE-4879-BE4C-A8CAE2465A26}"
EndProject
Project("{FAE04EC0-301F-11D3-BF4B-00C04F79EFBC}") = "Buoi1_2", "Buoi1_2\Buoi1_2.csproj", "{93A1E4B8-45D8-415C-B313-FEC96434A846}"
EndProject
Project("{FAE04EC0-301F-11D3-BF4B-00C04F79EFBC}") = "Buoi1_3", "Buoi1_3\Buoi1_3.csproj", "{435906E2-E753-4F3E-81F1-A3D5607C9B8B}"
EndProject
Project("{FAE04EC0-301F-11D3-BF4B-00C04F79EFBC}") = "Buoi1_4", "Buoi1_4\Buoi1_4.csproj", "{51A2CEE3-640E-472A-884A-16972F8F8D9D}"
EndProject
Project("{FAE04EC0-301F-11D3-BF4B-00C04F79EFBC}") = "Buoi1_5", "Buoi1_5\Buoi1_5.csproj", "{0BE17F86-C94F-4655-9D2B-D8A4EA095D3C}"
EndProject
Project("{FAE04EC0-301F-11D3-BF4B-00C04F79EFBC}") = "Buoi1_6", "Buoi1_6\Buoi1_6.csproj", "{98A6D994-8662-4FCC-AD18-45E2D04BBC81}"
EndProject
Project("{FAE04EC0-301F-11D3-BF4B-00C04F79EFBC}") = "Buoi1_7", "Buoi1_7\Buoi1_7.csproj", "{1937C2DB-18D2-47C7-A3BE-FF23C0B3CB70}"
EndProject
Project("{FAE04EC0-301F-11D3-BF4B-00C04F79EFBC}") = "Bai02_1", "Bai02_1\Bai02_1.csproj", "{01C76A52-5E39-4F73-8985-B0E097EE2797}"
EndProject
Project("{FAE04EC0-301F-11D3-BF4B-00C04F79EFBC}") = "Bai02_2", "Bai02_2\Bai02_2.csproj", "{3015232E-E9D5-4F68-95FD-715D901A66A2}"
EndProject
Project("{FAE04EC0-301F-11D3-BF4B-00C04F79EFBC}") = "Bai03_1", "Bai03_1\Bai03_1.csproj", "{FAA31636-0568-4CA6-86B4-402C4C05BE5F}"
EndProject
Project("{FAE04EC0-301F-11D3-BF4B-00C04F79EFBC}") = "Bai03_2", "Bai03_2\Bai03_2.csproj", "{58118B2A-8899-4D8B-9A0C-13E0BB9A0A93}"
EndProject
Project("{FAE04EC0-301F-11D3-BF4B-00C04F79EFBC}") = "Buoi05_1", "Buoi05_1\Buoi05_1.csproj", "{B4C2EFD1-BAAA-4802-9B02-A1E70DECA744}"
EndProject
Project("{FAE04EC0-301F-11D3-BF4B-00C04F79EFBC}") = "Buoi05_2", "Buoi05_2\Buoi05_2.csproj", "{8FBABFFA-CCA4-49DB-95A4-EBDFECCAB330}"
EndProject
Project("{FAE04EC0-301F-11D3-BF4B-00C04F79EFBC}") = "Buôi05_4", "Buôi05_4\Buôi05_4.csproj", "{FB295092-229D-457F-B0A9-1E9B00D044D2}"
EndProject
Project("{FAE04EC0-301F-11D3-BF4B-00C04F79EFBC}") = "Buoi05_5", "Buoi05_5\Buoi05_5.csproj", "{BC1C9A25-627E-4646-A693-D3603931F2B3}"
EndProject
Project("{FAE04EC0-301F-11D3-BF4B-00C04F79EFBC}") = "Buoi05_3", "Buoi05_3\Buoi05_3.csproj", "{4E6D9EBB-DD5E-44EB-AE90-CB6242339FE9}"
EndProject
Global
	GlobalSection(SolutionConfigurationPlatforms) = preSolution
		Debug|Any CPU = Debug|Any CPU
		Release|Any CPU = Release|Any CPU
	EndGlobalSection
	GlobalSection(ProjectConfigurationPlatforms) = postSolution
		{10AD3C4F-13CE-4879-BE4C-A8CAE2465A26}.Debug|Any CPU.ActiveCfg = Debug|Any CPU
		{10AD3C4F-13CE-4879-BE4C-A8CAE2465A26}.Debug|Any CPU.Build.0 = Debug|Any CPU
		{10AD3C4F-13CE-4879-BE4C-A8CAE2465A26}.Release|Any CPU.ActiveCfg = Release|Any CPU
		{10AD3C4F-13CE-4879-BE4C-A8CAE2465A26}.Release|Any CPU.Build.0 = Release|Any CPU
		{93A1E4B8-45D8-415C-B313-FEC96434A846}.Debug|Any CPU.ActiveCfg = Debug|Any CPU
		{93A1E4B8-45D8-415C-B313-FEC96434A846}.Debug|Any CPU.Build.0 = Debug|Any CPU
		{93A1E4B8-45D8-415C-B313-FEC96434A846}.Release|Any CPU.ActiveCfg = Release|Any CPU
		{93A1E4B8-45D8-415C-B313-FEC96434A846}.Release|Any CPU.Build.0 = Release|Any CPU
		{435906E2-E753-4F3E-81F1-A3D5607C9B8B}.Debug|Any CPU.ActiveCfg = Debug|Any CPU
		{435906E2-E753-4F3E-81F1-A3D5607C9B8B}.Debug|Any CPU.Build.0 = Debug|Any CPU
		{435906E2-E753-4F3E-81F1-A3D5607C9B8B}.Release|Any CPU.ActiveCfg = Release|Any CPU
		{435906E2-E753-4F3E-81F1-A3D5607C9B8B}.Release|Any CPU.Build.0 = Release|Any CPU
		{51A2CEE3-640E-472A-884A-16972F8F8D9D}.Debug|Any CPU.ActiveCfg = Debug|Any CPU
		{51A2CEE3-640E-472A-884A-16972F8F8D9D}.Debug|Any CPU.Build.0 = Debug|Any CPU
		{51A2CEE3-640E-472A-884A-16972F8F8D9D}.Release|Any CPU.ActiveCfg = Release|Any CPU
		{51A2CEE3-640E-472A-884A-16972F8F8D9D}.Release|Any CPU.Build.0 = Release|Any CPU
		{0BE17F86-C94F-4655-9D2B-D8A4EA095D3C}.Debug|Any CPU.ActiveCfg = Debug|Any CPU
		{0BE17F86-C94F-4655-9D2B-D8A4EA095D3C}.Debug|Any CPU.Build.0 = Debug|Any CPU
		{0BE17F86-C94F-4655-9D2B-D8A4EA095D3C}.Release|Any CPU.ActiveCfg = Release|Any CPU
		{0BE17F86-C94F-4655-9D2B-D8A4EA095D3C}.Release|Any CPU.Build.0 = Release|Any CPU
		{98A6D994-8662-4FCC-AD18-45E2D04BBC81}.Debug|Any CPU.ActiveCfg = Debug|Any CPU
		{98A6D994-8662-4FCC-AD18-45E2D04BBC81}.Debug|Any CPU.Build.0 = Debug|Any CPU
		{98A6D994-8662-4FCC-AD18-45E2D04BBC81}.Release|Any CPU.ActiveCfg = Release|Any CPU
		{98A6D994-8662-4FCC-AD18-45E2D04BBC81}.Release|Any CPU.Build.0 = Release|Any CPU
		{1937C2DB-18D2-47C7-A3BE-FF23C0B3CB70}.Debug|Any CPU.ActiveCfg = Debug|Any CPU
		{1937C2DB-18D2-47C7-A3BE-FF23C0B3CB70}.Debug|Any CPU.Build.0 = Debug|Any CPU
		{1937C2DB-18D2-47C7-A3BE-FF23C0B3CB70}.Release|Any CPU.ActiveCfg = Release|Any CPU
		{1937C2DB-18D2-47C7-A3BE-FF23C0B3CB70}.Release|Any CPU.Build.0 = Release|Any CPU
		{01C76A52-5E39-4F73-8985-B0E097EE2797}.Debug|Any CPU.ActiveCfg = Debug|Any CPU
		{01C76A52-5E39-4F73-8985-B0E097EE2797}.Debug|Any CPU.Build.0 = Debug|Any CPU
		{01C76A52-5E39-4F73-8985-B0E097EE2797}.Release|Any CPU.ActiveCfg = Release|Any CPU
		{01C76A52-5E39-4F73-8985-B0E097EE2797}.Release|Any CPU.Build.0 = Release|Any CPU
		{3015232E-E9D5-4F68-95FD-715D901A66A2}.Debug|Any CPU.ActiveCfg = Debug|Any CPU
		{3015232E-E9D5-4F68-95FD-715D901A66A2}.Debug|Any CPU.Build.0 = Debug|Any CPU
		{3015232E-E9D5-4F68-95FD-715D901A66A2}.Release|Any CPU.ActiveCfg = Release|Any CPU
		{3015232E-E9D5-4F68-95FD-715D901A66A2}.Release|Any CPU.Build.0 = Release|Any CPU
		{FAA31636-0568-4CA6-86B4-402C4C05BE5F}.Debug|Any CPU.ActiveCfg = Debug|Any CPU
		{FAA31636-0568-4CA6-86B4-402C4C05BE5F}.Debug|Any CPU.Build.0 = Debug|Any CPU
		{FAA31636-0568-4CA6-86B4-402C4C05BE5F}.Release|Any CPU.ActiveCfg = Release|Any CPU
		{FAA31636-0568-4CA6-86B4-402C4C05BE5F}.Release|Any CPU.Build.0 = Release|Any CPU
		{58118B2A-8899-4D8B-9A0C-13E0BB9A0A93}.Debug|Any CPU.ActiveCfg = Debug|Any CPU
		{58118B2A-8899-4D8B-9A0C-13E0BB9A0A93}.Debug|Any CPU.Build.0 = Debug|Any CPU
		{58118B2A-8899-4D8B-9A0C-13E0BB9A0A93}.Release|Any CPU.ActiveCfg = Release|Any CPU
		{58118B2A-8899-4D8B-9A0C-13E0BB9A0A93}.Release|Any CPU.Build.0 = Release|Any CPU
		{B4C2EFD1-BAAA-4802-9B02-A1E70DECA744}.Debug|Any CPU.ActiveCfg = Debug|Any CPU
		{B4C2EFD1-BAAA-4802-9B02-A1E70DECA744}.Debug|Any CPU.Build.0 = Debug|Any CPU
		{B4C2EFD1-BAAA-4802-9B02-A1E70DECA744}.Release|Any CPU.ActiveCfg = Release|Any CPU
		{B4C2EFD1-BAAA-4802-9B02-A1E70DECA744}.Release|Any CPU.Build.0 = Release|Any CPU
		{8FBABFFA-CCA4-49DB-95A4-EBDFECCAB330}.Debug|Any CPU.ActiveCfg = Debug|Any CPU
		{8FBABFFA-CCA4-49DB-95A4-EBDFECCAB330}.Debug|Any CPU.Build.0 = Debug|Any CPU
		{8FBABFFA-CCA4-49DB-95A4-EBDFECCAB330}.Release|Any CPU.ActiveCfg = Release|Any CPU
		{8FBABFFA-CCA4-49DB-95A4-EBDFECCAB330}.Release|Any CPU.Build.0 = Release|Any CPU
		{FB295092-229D-457F-B0A9-1E9B00D044D2}.Debug|Any CPU.ActiveCfg = Debug|Any CPU
		{FB295092-229D-457F-B0A9-1E9B00D044D2}.Debug|Any CPU.Build.0 = Debug|Any CPU
		{FB295092-229D-457F-B0A9-1E9B00D044D2}.Release|Any CPU.ActiveCfg = Release|Any CPU
		{FB295092-229D-457F-B0A9-1E9B00D044D2}.Release|Any CPU.Build.0 = Release|Any CPU
		{BC1C9A25-627E-4646-A693-D3603931F2B3}.Debug|Any CPU.ActiveCfg = Debug|Any CPU
		{BC1C9A25-627E-4646-A693-D3603931F2B3}.Debug|Any CPU.Build.0 = Debug|Any CPU
		{BC1C9A25-627E-4646-A693-D3603931F2B3}.Release|Any CPU.ActiveCfg = Release|Any CPU
		{BC1C9A25-627E-4646-A693-D3603931F2B3}.Release|Any CPU.Build.0 = Release|Any CPU
		{4E6D9EBB-DD5E-44EB-AE90-CB6242339FE9}.Debug|Any CPU.ActiveCfg = Debug|Any CPU
		{4E6D9EBB-DD5E-44EB-AE90-CB6242339FE9}.Debug|Any CPU.Build.0 = Debug|Any CPU
		{4E6D9EBB-DD5E-44EB-AE90-CB6242339FE9}.Release|Any CPU.ActiveCfg = Release|Any CPU
		{4E6D9EBB-DD5E-44EB-AE90-CB6242339FE9}.Release|Any CPU.Build.0 = Release|Any CPU
	EndGlobalSection
	GlobalSection(SolutionProperties) = preSolution
		HideSolutionNode = FALSE
	EndGlobalSection
	GlobalSection(ExtensibilityGlobals) = postSolution
		SolutionGuid = {456753FC-D3C9-4FA4-BD69-4B811F843DC4}
	EndGlobalSection
EndGlobal
